
Microsoft Visual Studio Solution File, Format Version 11.00
# Visual Studio 2010
Project("{8BC9CEB8-8B4A-11D0-8D11-00A0C91BC942}") = "T-PoT", "T-PoT.vcxproj", "{BA8918E7-4876-4DEC-A6B9-632195123CE6}"
EndProject
Global
	GlobalSection(SolutionConfigurationPlatforms) = preSolution
		Debug|Win32 = Debug|Win32
		Release|Win32 = Release|Win32
	EndGlobalSection
	GlobalSection(ProjectConfigurationPlatforms) = postSolution
		{BA8918E7-4876-4DEC-A6B9-632195123CE6}.Debug|Win32.ActiveCfg = Debug|Win32
		{BA8918E7-4876-4DEC-A6B9-632195123CE6}.Debug|Win32.Build.0 = Debug|Win32
		{BA8918E7-4876-4DEC-A6B9-632195123CE6}.Release|Win32.ActiveCfg = Release|Win32
		{BA8918E7-4876-4DEC-A6B9-632195123CE6}.Release|Win32.Build.0 = Release|Win32
	EndGlobalSection
	GlobalSection(SolutionProperties) = preSolution
		HideSolutionNode = FALSE
	EndGlobalSection
EndGlobal
